
Microsoft Visual Studio Solution File, Format Version 12.00
# Blend for Visual Studio Version 17
VisualStudioVersion = 17.1.32407.343
MinimumVisualStudioVersion = 10.0.40219.1
Project("{9A19103F-16F7-4668-BE54-9A1E7A4F7556}") = "Listbox Wrapping", "Listbox Wrapping\Listbox Wrapping.csproj", "{2701B78E-21A3-489E-B9FE-A02DF99FA219}"
EndProject
Global
	GlobalSection(SolutionConfigurationPlatforms) = preSolution
		Debug|Any CPU = Debug|Any CPU
		Release|Any CPU = Release|Any CPU
	EndGlobalSection
	GlobalSection(ProjectConfigurationPlatforms) = postSolution
		{2701B78E-21A3-489E-B9FE-A02DF99FA219}.Debug|Any CPU.ActiveCfg = Debug|Any CPU
		{2701B78E-21A3-489E-B9FE-A02DF99FA219}.Debug|Any CPU.Build.0 = Debug|Any CPU
		{2701B78E-21A3-489E-B9FE-A02DF99FA219}.Release|Any CPU.ActiveCfg = Release|Any CPU
		{2701B78E-21A3-489E-B9FE-A02DF99FA219}.Release|Any CPU.Build.0 = Release|Any CPU
	EndGlobalSection
	GlobalSection(SolutionProperties) = preSolution
		HideSolutionNode = FALSE
	EndGlobalSection
	GlobalSection(ExtensibilityGlobals) = postSolution
		SolutionGuid = {C5FB15BB-2F8D-4CD6-80C0-EC568C1040E7}
	EndGlobalSection
EndGlobal
